
Microsoft Visual Studio Solution File, Format Version 12.00
Project("{FAE04EC0-301F-11D3-BF4B-00C04F79EFBC}") = "eb7429u20231c426.API", "eb7429u20231c426.API\eb7429u20231c426.API.csproj", "{C901DABB-EDAE-4D74-B05D-00D3D5C42EC8}"
EndProject
Global
	GlobalSection(SolutionConfigurationPlatforms) = preSolution
		Debug|Any CPU = Debug|Any CPU
		Release|Any CPU = Release|Any CPU
	EndGlobalSection
	GlobalSection(ProjectConfigurationPlatforms) = postSolution
		{C901DABB-EDAE-4D74-B05D-00D3D5C42EC8}.Debug|Any CPU.ActiveCfg = Debug|Any CPU
		{C901DABB-EDAE-4D74-B05D-00D3D5C42EC8}.Debug|Any CPU.Build.0 = Debug|Any CPU
		{C901DABB-EDAE-4D74-B05D-00D3D5C42EC8}.Release|Any CPU.ActiveCfg = Release|Any CPU
		{C901DABB-EDAE-4D74-B05D-00D3D5C42EC8}.Release|Any CPU.Build.0 = Release|Any CPU
	EndGlobalSection
EndGlobal
